// !$*UTF8*$!
{
	archiveVersion = 1;
	classes = {
	};
	objectVersion = 56;
	objects = {

/* Begin PBXBuildFile section */
		340B3CB42CBE47D6009C20B5 /* SyntaxSettings.swift in Sources */ = {isa = PBXBuildFile; fileRef = 340B3CB32CBE47D6009C20B5 /* SyntaxSettings.swift */; };
		340B3CB62CBE4823009C20B5 /* SettingsView.swift in Sources */ = {isa = PBXBuildFile; fileRef = 340B3CB52CBE4823009C20B5 /* SettingsView.swift */; };
		340B3CB72CBE49FA009C20B5 /* SyntaxSettings.swift in Sources */ = {isa = PBXBuildFile; fileRef = 340B3CB32CBE47D6009C20B5 /* SyntaxSettings.swift */; };
		34B4DB152CBCAD7E001F31C6 /* CodeColorsApp.swift in Sources */ = {isa = PBXBuildFile; fileRef = 34B4DB142CBCAD7E001F31C6 /* CodeColorsApp.swift */; };
		34B4DB192CBCAD7F001F31C6 /* Assets.xcassets in Resources */ = {isa = PBXBuildFile; fileRef = 34B4DB182CBCAD7F001F31C6 /* Assets.xcassets */; };
		34B4DB1C2CBCAD7F001F31C6 /* Preview Assets.xcassets in Resources */ = {isa = PBXBuildFile; fileRef = 34B4DB1B2CBCAD7F001F31C6 /* Preview Assets.xcassets */; };
		34B4DB2A2CBCADFD001F31C6 /* Quartz.framework in Frameworks */ = {isa = PBXBuildFile; fileRef = 34B4DB292CBCADFD001F31C6 /* Quartz.framework */; };
		34B4DB372CBCADFD001F31C6 /* QuickCodeColorLook.appex in Embed Foundation Extensions */ = {isa = PBXBuildFile; fileRef = 34B4DB272CBCADFD001F31C6 /* QuickCodeColorLook.appex */; settings = {ATTRIBUTES = (RemoveHeadersOnCopy, ); }; };
		34B4DB3D2CBCC51D001F31C6 /* PreviewViewController.swift in Sources */ = {isa = PBXBuildFile; fileRef = 34B4DB2C2CBCADFD001F31C6 /* PreviewViewController.swift */; };
		34B4DB3E2CBCC5F3001F31C6 /* PreviewProvider.swift in Sources */ = {isa = PBXBuildFile; fileRef = 34B4DB2E2CBCADFD001F31C6 /* PreviewProvider.swift */; };
		34E745012CBE141900EB6061 /* SyntaxRules.swift in Sources */ = {isa = PBXBuildFile; fileRef = 34E745002CBE141900EB6061 /* SyntaxRules.swift */; };
		34E745032CBE15D200EB6061 /* SyntaxHighlighter.swift in Sources */ = {isa = PBXBuildFile; fileRef = 34E745022CBE15D200EB6061 /* SyntaxHighlighter.swift */; };
		34E745052CBE2C4700EB6061 /* CodeContentLoader.swift in Sources */ = {isa = PBXBuildFile; fileRef = 34E745042CBE2C4700EB6061 /* CodeContentLoader.swift */; };
		34E745072CBE2C6D00EB6061 /* LineReader.swift in Sources */ = {isa = PBXBuildFile; fileRef = 34E745062CBE2C6D00EB6061 /* LineReader.swift */; };
/* End PBXBuildFile section */

/* Begin PBXContainerItemProxy section */
		34B4DB352CBCADFD001F31C6 /* PBXContainerItemProxy */ = {
			isa = PBXContainerItemProxy;
			containerPortal = 34B4DB092CBCAD7E001F31C6 /* Project object */;
			proxyType = 1;
			remoteGlobalIDString = 34B4DB262CBCADFD001F31C6;
			remoteInfo = QuickCodeColorLook;
		};
/* End PBXContainerItemProxy section */

/* Begin PBXCopyFilesBuildPhase section */
		34B4DB3B2CBCADFD001F31C6 /* Embed Foundation Extensions */ = {
			isa = PBXCopyFilesBuildPhase;
			buildActionMask = 2147483647;
			dstPath = "";
			dstSubfolderSpec = 13;
			files = (
				34B4DB372CBCADFD001F31C6 /* QuickCodeColorLook.appex in Embed Foundation Extensions */,
			);
			name = "Embed Foundation Extensions";
			runOnlyForDeploymentPostprocessing = 0;
		};
/* End PBXCopyFilesBuildPhase section */

/* Begin PBXFileReference section */
		340B3CB32CBE47D6009C20B5 /* SyntaxSettings.swift */ = {isa = PBXFileReference; lastKnownFileType = sourcecode.swift; path = SyntaxSettings.swift; sourceTree = "<group>"; };
		340B3CB52CBE4823009C20B5 /* SettingsView.swift */ = {isa = PBXFileReference; lastKnownFileType = sourcecode.swift; path = SettingsView.swift; sourceTree = "<group>"; };
		34B4DB112CBCAD7E001F31C6 /* CodeColors.app */ = {isa = PBXFileReference; explicitFileType = wrapper.application; includeInIndex = 0; path = CodeColors.app; sourceTree = BUILT_PRODUCTS_DIR; };
		34B4DB142CBCAD7E001F31C6 /* CodeColorsApp.swift */ = {isa = PBXFileReference; lastKnownFileType = sourcecode.swift; path = CodeColorsApp.swift; sourceTree = "<group>"; };
		34B4DB182CBCAD7F001F31C6 /* Assets.xcassets */ = {isa = PBXFileReference; lastKnownFileType = folder.assetcatalog; path = Assets.xcassets; sourceTree = "<group>"; };
		34B4DB1B2CBCAD7F001F31C6 /* Preview Assets.xcassets */ = {isa = PBXFileReference; lastKnownFileType = folder.assetcatalog; path = "Preview Assets.xcassets"; sourceTree = "<group>"; };
		34B4DB1D2CBCAD7F001F31C6 /* CodeColors.entitlements */ = {isa = PBXFileReference; lastKnownFileType = text.plist.entitlements; path = CodeColors.entitlements; sourceTree = "<group>"; };
		34B4DB272CBCADFD001F31C6 /* QuickCodeColorLook.appex */ = {isa = PBXFileReference; explicitFileType = "wrapper.app-extension"; includeInIndex = 0; path = QuickCodeColorLook.appex; sourceTree = BUILT_PRODUCTS_DIR; };
		34B4DB292CBCADFD001F31C6 /* Quartz.framework */ = {isa = PBXFileReference; lastKnownFileType = wrapper.framework; name = Quartz.framework; path = System/Library/Frameworks/Quartz.framework; sourceTree = SDKROOT; };
		34B4DB2C2CBCADFD001F31C6 /* PreviewViewController.swift */ = {isa = PBXFileReference; lastKnownFileType = sourcecode.swift; path = PreviewViewController.swift; sourceTree = "<group>"; };
		34B4DB2E2CBCADFD001F31C6 /* PreviewProvider.swift */ = {isa = PBXFileReference; lastKnownFileType = sourcecode.swift; path = PreviewProvider.swift; sourceTree = "<group>"; };
		34B4DB332CBCADFD001F31C6 /* Info.plist */ = {isa = PBXFileReference; lastKnownFileType = text.plist.xml; path = Info.plist; sourceTree = "<group>"; };
		34B4DB342CBCADFD001F31C6 /* QuickCodeColorLook.entitlements */ = {isa = PBXFileReference; lastKnownFileType = text.plist.entitlements; path = QuickCodeColorLook.entitlements; sourceTree = "<group>"; };
		34E745002CBE141900EB6061 /* SyntaxRules.swift */ = {isa = PBXFileReference; lastKnownFileType = sourcecode.swift; path = SyntaxRules.swift; sourceTree = "<group>"; };
		34E745022CBE15D200EB6061 /* SyntaxHighlighter.swift */ = {isa = PBXFileReference; lastKnownFileType = sourcecode.swift; path = SyntaxHighlighter.swift; sourceTree = "<group>"; };
		34E745042CBE2C4700EB6061 /* CodeContentLoader.swift */ = {isa = PBXFileReference; lastKnownFileType = sourcecode.swift; path = CodeContentLoader.swift; sourceTree = "<group>"; };
		34E745062CBE2C6D00EB6061 /* LineReader.swift */ = {isa = PBXFileReference; lastKnownFileType = sourcecode.swift; path = LineReader.swift; sourceTree = "<group>"; };
/* End PBXFileReference section */

/* Begin PBXFrameworksBuildPhase section */
		34B4DB0E2CBCAD7E001F31C6 /* Frameworks */ = {
			isa = PBXFrameworksBuildPhase;
			buildActionMask = 2147483647;
			files = (
			);
			runOnlyForDeploymentPostprocessing = 0;
		};
		34B4DB242CBCADFD001F31C6 /* Frameworks */ = {
			isa = PBXFrameworksBuildPhase;
			buildActionMask = 2147483647;
			files = (
				34B4DB2A2CBCADFD001F31C6 /* Quartz.framework in Frameworks */,
			);
			runOnlyForDeploymentPostprocessing = 0;
		};
/* End PBXFrameworksBuildPhase section */

/* Begin PBXGroup section */
		34B4DB082CBCAD7E001F31C6 = {
			isa = PBXGroup;
			children = (
				34B4DB132CBCAD7E001F31C6 /* CodeColors */,
				34B4DB2B2CBCADFD001F31C6 /* QuickCodeColorLook */,
				34B4DB282CBCADFD001F31C6 /* Frameworks */,
				34B4DB122CBCAD7E001F31C6 /* Products */,
			);
			sourceTree = "<group>";
		};
		34B4DB122CBCAD7E001F31C6 /* Products */ = {
			isa = PBXGroup;
			children = (
				34B4DB112CBCAD7E001F31C6 /* CodeColors.app */,
				34B4DB272CBCADFD001F31C6 /* QuickCodeColorLook.appex */,
			);
			name = Products;
			sourceTree = "<group>";
		};
		34B4DB132CBCAD7E001F31C6 /* CodeColors */ = {
			isa = PBXGroup;
			children = (
				34B4DB142CBCAD7E001F31C6 /* CodeColorsApp.swift */,
				340B3CB32CBE47D6009C20B5 /* SyntaxSettings.swift */,
				340B3CB52CBE4823009C20B5 /* SettingsView.swift */,
				34B4DB182CBCAD7F001F31C6 /* Assets.xcassets */,
				34B4DB1D2CBCAD7F001F31C6 /* CodeColors.entitlements */,
				34B4DB1A2CBCAD7F001F31C6 /* Preview Content */,
			);
			path = CodeColors;
			sourceTree = "<group>";
		};
		34B4DB1A2CBCAD7F001F31C6 /* Preview Content */ = {
			isa = PBXGroup;
			children = (
				34B4DB1B2CBCAD7F001F31C6 /* Preview Assets.xcassets */,
			);
			path = "Preview Content";
			sourceTree = "<group>";
		};
		34B4DB282CBCADFD001F31C6 /* Frameworks */ = {
			isa = PBXGroup;
			children = (
				34B4DB292CBCADFD001F31C6 /* Quartz.framework */,
			);
			name = Frameworks;
			sourceTree = "<group>";
		};
		34B4DB2B2CBCADFD001F31C6 /* QuickCodeColorLook */ = {
			isa = PBXGroup;
			children = (
				34E745042CBE2C4700EB6061 /* CodeContentLoader.swift */,
				34E745062CBE2C6D00EB6061 /* LineReader.swift */,
				34B4DB2C2CBCADFD001F31C6 /* PreviewViewController.swift */,
				34B4DB2E2CBCADFD001F31C6 /* PreviewProvider.swift */,
				34E745002CBE141900EB6061 /* SyntaxRules.swift */,
				34E745022CBE15D200EB6061 /* SyntaxHighlighter.swift */,
				34B4DB332CBCADFD001F31C6 /* Info.plist */,
				34B4DB342CBCADFD001F31C6 /* QuickCodeColorLook.entitlements */,
			);
			path = QuickCodeColorLook;
			sourceTree = "<group>";
		};
/* End PBXGroup section */

/* Begin PBXNativeTarget section */
		34B4DB102CBCAD7E001F31C6 /* CodeColors */ = {
			isa = PBXNativeTarget;
			buildConfigurationList = 34B4DB202CBCAD7F001F31C6 /* Build configuration list for PBXNativeTarget "CodeColors" */;
			buildPhases = (
				34B4DB0D2CBCAD7E001F31C6 /* Sources */,
				34B4DB0E2CBCAD7E001F31C6 /* Frameworks */,
				34B4DB0F2CBCAD7E001F31C6 /* Resources */,
				34B4DB3B2CBCADFD001F31C6 /* Embed Foundation Extensions */,
			);
			buildRules = (
			);
			dependencies = (
				34B4DB362CBCADFD001F31C6 /* PBXTargetDependency */,
			);
			name = CodeColors;
			productName = CodeColors;
			productReference = 34B4DB112CBCAD7E001F31C6 /* CodeColors.app */;
			productType = "com.apple.product-type.application";
		};
		34B4DB262CBCADFD001F31C6 /* QuickCodeColorLook */ = {
			isa = PBXNativeTarget;
			buildConfigurationList = 34B4DB382CBCADFD001F31C6 /* Build configuration list for PBXNativeTarget "QuickCodeColorLook" */;
			buildPhases = (
				34B4DB232CBCADFD001F31C6 /* Sources */,
				34B4DB242CBCADFD001F31C6 /* Frameworks */,
				34B4DB252CBCADFD001F31C6 /* Resources */,
			);
			buildRules = (
			);
			dependencies = (
			);
			name = QuickCodeColorLook;
			productName = QuickCodeColorLook;
			productReference = 34B4DB272CBCADFD001F31C6 /* QuickCodeColorLook.appex */;
			productType = "com.apple.product-type.app-extension";
		};
/* End PBXNativeTarget section */

/* Begin PBXProject section */
		34B4DB092CBCAD7E001F31C6 /* Project object */ = {
			isa = PBXProject;
			attributes = {
				BuildIndependentTargetsInParallel = 1;
				LastSwiftUpdateCheck = 1540;
				LastUpgradeCheck = 1540;
				TargetAttributes = {
					34B4DB102CBCAD7E001F31C6 = {
						CreatedOnToolsVersion = 15.4;
					};
					34B4DB262CBCADFD001F31C6 = {
						CreatedOnToolsVersion = 15.4;
					};
				};
			};
			buildConfigurationList = 34B4DB0C2CBCAD7E001F31C6 /* Build configuration list for PBXProject "CodeColors" */;
			compatibilityVersion = "Xcode 14.0";
			developmentRegion = en;
			hasScannedForEncodings = 0;
			knownRegions = (
				en,
				Base,
			);
			mainGroup = 34B4DB082CBCAD7E001F31C6;
			productRefGroup = 34B4DB122CBCAD7E001F31C6 /* Products */;
			projectDirPath = "";
			projectRoot = "";
			targets = (
				34B4DB102CBCAD7E001F31C6 /* CodeColors */,
				34B4DB262CBCADFD001F31C6 /* QuickCodeColorLook */,
			);
		};
/* End PBXProject section */

/* Begin PBXResourcesBuildPhase section */
		34B4DB0F2CBCAD7E001F31C6 /* Resources */ = {
			isa = PBXResourcesBuildPhase;
			buildActionMask = 2147483647;
			files = (
				34B4DB1C2CBCAD7F001F31C6 /* Preview Assets.xcassets in Resources */,
				34B4DB192CBCAD7F001F31C6 /* Assets.xcassets in Resources */,
			);
			runOnlyForDeploymentPostprocessing = 0;
		};
		34B4DB252CBCADFD001F31C6 /* Resources */ = {
			isa = PBXResourcesBuildPhase;
			buildActionMask = 2147483647;
			files = (
			);
			runOnlyForDeploymentPostprocessing = 0;
		};
/* End PBXResourcesBuildPhase section */

/* Begin PBXSourcesBuildPhase section */
		34B4DB0D2CBCAD7E001F31C6 /* Sources */ = {
			isa = PBXSourcesBuildPhase;
			buildActionMask = 2147483647;
			files = (
				340B3CB42CBE47D6009C20B5 /* SyntaxSettings.swift in Sources */,
				340B3CB62CBE4823009C20B5 /* SettingsView.swift in Sources */,
				34B4DB152CBCAD7E001F31C6 /* CodeColorsApp.swift in Sources */,
			);
			runOnlyForDeploymentPostprocessing = 0;
		};
		34B4DB232CBCADFD001F31C6 /* Sources */ = {
			isa = PBXSourcesBuildPhase;
			buildActionMask = 2147483647;
			files = (
				34E745032CBE15D200EB6061 /* SyntaxHighlighter.swift in Sources */,
				34E745012CBE141900EB6061 /* SyntaxRules.swift in Sources */,
				34B4DB3D2CBCC51D001F31C6 /* PreviewViewController.swift in Sources */,
				34B4DB3E2CBCC5F3001F31C6 /* PreviewProvider.swift in Sources */,
				34E745072CBE2C6D00EB6061 /* LineReader.swift in Sources */,
				34E745052CBE2C4700EB6061 /* CodeContentLoader.swift in Sources */,
				340B3CB72CBE49FA009C20B5 /* SyntaxSettings.swift in Sources */,
			);
			runOnlyForDeploymentPostprocessing = 0;
		};
/* End PBXSourcesBuildPhase section */

/* Begin PBXTargetDependency section */
		34B4DB362CBCADFD001F31C6 /* PBXTargetDependency */ = {
			isa = PBXTargetDependency;
			target = 34B4DB262CBCADFD001F31C6 /* QuickCodeColorLook */;
			targetProxy = 34B4DB352CBCADFD001F31C6 /* PBXContainerItemProxy */;
		};
/* End PBXTargetDependency section */

/* Begin XCBuildConfiguration section */
		34B4DB1E2CBCAD7F001F31C6 /* Debug */ = {
			isa = XCBuildConfiguration;
			buildSettings = {
				ALWAYS_SEARCH_USER_PATHS = NO;
				ASSETCATALOG_COMPILER_GENERATE_SWIFT_ASSET_SYMBOL_EXTENSIONS = YES;
				CLANG_ANALYZER_NONNULL = YES;
				CLANG_ANALYZER_NUMBER_OBJECT_CONVERSION = YES_AGGRESSIVE;
				CLANG_CXX_LANGUAGE_STANDARD = "gnu++20";
				CLANG_ENABLE_MODULES = YES;
				CLANG_ENABLE_OBJC_ARC = YES;
				CLANG_ENABLE_OBJC_WEAK = YES;
				CLANG_WARN_BLOCK_CAPTURE_AUTORELEASING = YES;
				CLANG_WARN_BOOL_CONVERSION = YES;
				CLANG_WARN_COMMA = YES;
				CLANG_WARN_CONSTANT_CONVERSION = YES;
				CLANG_WARN_DEPRECATED_OBJC_IMPLEMENTATIONS = YES;
				CLANG_WARN_DIRECT_OBJC_ISA_USAGE = YES_ERROR;
				CLANG_WARN_DOCUMENTATION_COMMENTS = YES;
				CLANG_WARN_EMPTY_BODY = YES;
				CLANG_WARN_ENUM_CONVERSION = YES;
				CLANG_WARN_INFINITE_RECURSION = YES;
				CLANG_WARN_INT_CONVERSION = YES;
				CLANG_WARN_NON_LITERAL_NULL_CONVERSION = YES;
				CLANG_WARN_OBJC_IMPLICIT_RETAIN_SELF = YES;
				CLANG_WARN_OBJC_LITERAL_CONVERSION = YES;
				CLANG_WARN_OBJC_ROOT_CLASS = YES_ERROR;
				CLANG_WARN_QUOTED_INCLUDE_IN_FRAMEWORK_HEADER = YES;
				CLANG_WARN_RANGE_LOOP_ANALYSIS = YES;
				CLANG_WARN_STRICT_PROTOTYPES = YES;
				CLANG_WARN_SUSPICIOUS_MOVE = YES;
				CLANG_WARN_UNGUARDED_AVAILABILITY = YES_AGGRESSIVE;
				CLANG_WARN_UNREACHABLE_CODE = YES;
				CLANG_WARN__DUPLICATE_METHOD_MATCH = YES;
				COPY_PHASE_STRIP = NO;
				DEBUG_INFORMATION_FORMAT = dwarf;
				ENABLE_STRICT_OBJC_MSGSEND = YES;
				ENABLE_TESTABILITY = YES;
				ENABLE_USER_SCRIPT_SANDBOXING = YES;
				GCC_C_LANGUAGE_STANDARD = gnu17;
				GCC_DYNAMIC_NO_PIC = NO;
				GCC_NO_COMMON_BLOCKS = YES;
				GCC_OPTIMIZATION_LEVEL = 0;
				GCC_PREPROCESSOR_DEFINITIONS = (
					"DEBUG=1",
					"$(inherited)",
				);
				GCC_WARN_64_TO_32_BIT_CONVERSION = YES;
				GCC_WARN_ABOUT_RETURN_TYPE = YES_ERROR;
				GCC_WARN_UNDECLARED_SELECTOR = YES;
				GCC_WARN_UNINITIALIZED_AUTOS = YES_AGGRESSIVE;
				GCC_WARN_UNUSED_FUNCTION = YES;
				GCC_WARN_UNUSED_VARIABLE = YES;
				LOCALIZATION_PREFERS_STRING_CATALOGS = YES;
				MACOSX_DEPLOYMENT_TARGET = 14.4;
				MTL_ENABLE_DEBUG_INFO = INCLUDE_SOURCE;
				MTL_FAST_MATH = YES;
				ONLY_ACTIVE_ARCH = YES;
				SDKROOT = macosx;
				SWIFT_ACTIVE_COMPILATION_CONDITIONS = "DEBUG $(inherited)";
				SWIFT_OPTIMIZATION_LEVEL = "-Onone";
			};
			name = Debug;
		};
		34B4DB1F2CBCAD7F001F31C6 /* Release */ = {
			isa = XCBuildConfiguration;
			buildSettings = {
				ALWAYS_SEARCH_USER_PATHS = NO;
				ASSETCATALOG_COMPILER_GENERATE_SWIFT_ASSET_SYMBOL_EXTENSIONS = YES;
				CLANG_ANALYZER_NONNULL = YES;
				CLANG_ANALYZER_NUMBER_OBJECT_CONVERSION = YES_AGGRESSIVE;
				CLANG_CXX_LANGUAGE_STANDARD = "gnu++20";
				CLANG_ENABLE_MODULES = YES;
				CLANG_ENABLE_OBJC_ARC = YES;
				CLANG_ENABLE_OBJC_WEAK = YES;
				CLANG_WARN_BLOCK_CAPTURE_AUTORELEASING = YES;
				CLANG_WARN_BOOL_CONVERSION = YES;
				CLANG_WARN_COMMA = YES;
				CLANG_WARN_CONSTANT_CONVERSION = YES;
				CLANG_WARN_DEPRECATED_OBJC_IMPLEMENTATIONS = YES;
				CLANG_WARN_DIRECT_OBJC_ISA_USAGE = YES_ERROR;
				CLANG_WARN_DOCUMENTATION_COMMENTS = YES;
				CLANG_WARN_EMPTY_BODY = YES;
				CLANG_WARN_ENUM_CONVERSION = YES;
				CLANG_WARN_INFINITE_RECURSION = YES;
				CLANG_WARN_INT_CONVERSION = YES;
				CLANG_WARN_NON_LITERAL_NULL_CONVERSION = YES;
				CLANG_WARN_OBJC_IMPLICIT_RETAIN_SELF = YES;
				CLANG_WARN_OBJC_LITERAL_CONVERSION = YES;
				CLANG_WARN_OBJC_ROOT_CLASS = YES_ERROR;
				CLANG_WARN_QUOTED_INCLUDE_IN_FRAMEWORK_HEADER = YES;
				CLANG_WARN_RANGE_LOOP_ANALYSIS = YES;
				CLANG_WARN_STRICT_PROTOTYPES = YES;
				CLANG_WARN_SUSPICIOUS_MOVE = YES;
				CLANG_WARN_UNGUARDED_AVAILABILITY = YES_AGGRESSIVE;
				CLANG_WARN_UNREACHABLE_CODE = YES;
				CLANG_WARN__DUPLICATE_METHOD_MATCH = YES;
				COPY_PHASE_STRIP = NO;
				DEBUG_INFORMATION_FORMAT = "dwarf-with-dsym";
				ENABLE_NS_ASSERTIONS = NO;
				ENABLE_STRICT_OBJC_MSGSEND = YES;
				ENABLE_USER_SCRIPT_SANDBOXING = YES;
				GCC_C_LANGUAGE_STANDARD = gnu17;
				GCC_NO_COMMON_BLOCKS = YES;
				GCC_WARN_64_TO_32_BIT_CONVERSION = YES;
				GCC_WARN_ABOUT_RETURN_TYPE = YES_ERROR;
				GCC_WARN_UNDECLARED_SELECTOR = YES;
				GCC_WARN_UNINITIALIZED_AUTOS = YES_AGGRESSIVE;
				GCC_WARN_UNUSED_FUNCTION = YES;
				GCC_WARN_UNUSED_VARIABLE = YES;
				LOCALIZATION_PREFERS_STRING_CATALOGS = YES;
				MACOSX_DEPLOYMENT_TARGET = 14.4;
				MTL_ENABLE_DEBUG_INFO = NO;
				MTL_FAST_MATH = YES;
				SDKROOT = macosx;
				SWIFT_COMPILATION_MODE = wholemodule;
			};
			name = Release;
		};
		34B4DB212CBCAD7F001F31C6 /* Debug */ = {
			isa = XCBuildConfiguration;
			buildSettings = {
				ALWAYS_EMBED_SWIFT_STANDARD_LIBRARIES = YES;
				ASSETCATALOG_COMPILER_APPICON_NAME = AppIcon;
				ASSETCATALOG_COMPILER_GLOBAL_ACCENT_COLOR_NAME = AccentColor;
				CODE_SIGN_ENTITLEMENTS = CodeColors/CodeColors.entitlements;
				CODE_SIGN_STYLE = Automatic;
				COMBINE_HIDPI_IMAGES = YES;
				CURRENT_PROJECT_VERSION = 1;
				DEVELOPMENT_ASSET_PATHS = "\"CodeColors/Preview Content\"";
				DEVELOPMENT_TEAM = 46WUYUUA8V;
				ENABLE_HARDENED_RUNTIME = YES;
				ENABLE_PREVIEWS = YES;
				GENERATE_INFOPLIST_FILE = YES;
				INFOPLIST_KEY_CFBundleDisplayName = "Code Colors ";
				INFOPLIST_KEY_LSApplicationCategoryType = "public.app-category.developer-tools";
				INFOPLIST_KEY_NSHumanReadableCopyright = "Quet Almahdi Morris";
				LD_RUNPATH_SEARCH_PATHS = (
					"$(inherited)",
					"@executable_path/../Frameworks",
				);
				MACOSX_DEPLOYMENT_TARGET = 12.2;
				MARKETING_VERSION = oct2024;
				PRODUCT_BUNDLE_IDENTIFIER = com.oil3.CodeColors;
				PRODUCT_NAME = "$(TARGET_NAME)";
				SWIFT_EMIT_LOC_STRINGS = YES;
				SWIFT_VERSION = 5.0;
			};
			name = Debug;
		};
		34B4DB222CBCAD7F001F31C6 /* Release */ = {
			isa = XCBuildConfiguration;
			buildSettings = {
				ALWAYS_EMBED_SWIFT_STANDARD_LIBRARIES = YES;
				ASSETCATALOG_COMPILER_APPICON_NAME = AppIcon;
				ASSETCATALOG_COMPILER_GLOBAL_ACCENT_COLOR_NAME = AccentColor;
				CODE_SIGN_ENTITLEMENTS = CodeColors/CodeColors.entitlements;
				CODE_SIGN_STYLE = Automatic;
				COMBINE_HIDPI_IMAGES = YES;
				CURRENT_PROJECT_VERSION = 1;
				DEVELOPMENT_ASSET_PATHS = "\"CodeColors/Preview Content\"";
				DEVELOPMENT_TEAM = 46WUYUUA8V;
				ENABLE_HARDENED_RUNTIME = YES;
				ENABLE_PREVIEWS = YES;
				GENERATE_INFOPLIST_FILE = YES;
				INFOPLIST_KEY_CFBundleDisplayName = "Code Colors ";
				INFOPLIST_KEY_LSApplicationCategoryType = "public.app-category.developer-tools";
				INFOPLIST_KEY_NSHumanReadableCopyright = "Quet Almahdi Morris";
				LD_RUNPATH_SEARCH_PATHS = (
					"$(inherited)",
					"@executable_path/../Frameworks",
				);
				MACOSX_DEPLOYMENT_TARGET = 12.2;
				MARKETING_VERSION = oct2024;
				PRODUCT_BUNDLE_IDENTIFIER = com.oil3.CodeColors;
				PRODUCT_NAME = "$(TARGET_NAME)";
				SWIFT_EMIT_LOC_STRINGS = YES;
				SWIFT_VERSION = 5.0;
			};
			name = Release;
		};
		34B4DB392CBCADFD001F31C6 /* Debug */ = {
			isa = XCBuildConfiguration;
			buildSettings = {
				CODE_SIGN_ENTITLEMENTS = QuickCodeColorLook/QuickCodeColorLook.entitlements;
				CODE_SIGN_STYLE = Automatic;
				CURRENT_PROJECT_VERSION = 1;
				DEVELOPMENT_TEAM = 46WUYUUA8V;
				ENABLE_HARDENED_RUNTIME = YES;
				GENERATE_INFOPLIST_FILE = YES;
				INFOPLIST_FILE = QuickCodeColorLook/Info.plist;
				INFOPLIST_KEY_CFBundleDisplayName = QuickCodeColorLook;
				INFOPLIST_KEY_LSApplicationCategoryType = "";
				INFOPLIST_KEY_NSHumanReadableCopyright = "Quet Almahdi Morris";
				LD_RUNPATH_SEARCH_PATHS = (
					"$(inherited)",
					"@executable_path/../Frameworks",
					"@executable_path/../../../../Frameworks",
				);
				MACOSX_DEPLOYMENT_TARGET = 12.2;
				MARKETING_VERSION = 1.0;
				PRODUCT_BUNDLE_IDENTIFIER = com.oil3.CodeColors.QuickCodeColorLook;
				PRODUCT_NAME = "$(TARGET_NAME)";
				SKIP_INSTALL = YES;
				SWIFT_EMIT_LOC_STRINGS = YES;
				SWIFT_VERSION = 5.0;
			};
			name = Debug;
		};
		34B4DB3A2CBCADFD001F31C6 /* Release */ = {
			isa = XCBuildConfiguration;
			buildSettings = {
				CODE_SIGN_ENTITLEMENTS = QuickCodeColorLook/QuickCodeColorLook.entitlements;
				CODE_SIGN_STYLE = Automatic;
				CURRENT_PROJECT_VERSION = 1;
				DEVELOPMENT_TEAM = 46WUYUUA8V;
				ENABLE_HARDENED_RUNTIME = YES;
				GENERATE_INFOPLIST_FILE = YES;
				INFOPLIST_FILE = QuickCodeColorLook/Info.plist;
				INFOPLIST_KEY_CFBundleDisplayName = QuickCodeColorLook;
				INFOPLIST_KEY_LSApplicationCategoryType = "";
				INFOPLIST_KEY_NSHumanReadableCopyright = "Quet Almahdi Morris";
				LD_RUNPATH_SEARCH_PATHS = (
					"$(inherited)",
					"@executable_path/../Frameworks",
					"@executable_path/../../../../Frameworks",
				);
				MACOSX_DEPLOYMENT_TARGET = 12.2;
				MARKETING_VERSION = 1.0;
				PRODUCT_BUNDLE_IDENTIFIER = com.oil3.CodeColors.QuickCodeColorLook;
				PRODUCT_NAME = "$(TARGET_NAME)";
				SKIP_INSTALL = YES;
				SWIFT_EMIT_LOC_STRINGS = YES;
				SWIFT_VERSION = 5.0;
			};
			name = Release;
		};
/* End XCBuildConfiguration section */

/* Begin XCConfigurationList section */
		34B4DB0C2CBCAD7E001F31C6 /* Build configuration list for PBXProject "CodeColors" */ = {
			isa = XCConfigurationList;
			buildConfigurations = (
				34B4DB1E2CBCAD7F001F31C6 /* Debug */,
				34B4DB1F2CBCAD7F001F31C6 /* Release */,
			);
			defaultConfigurationIsVisible = 0;
			defaultConfigurationName = Release;
		};
		34B4DB202CBCAD7F001F31C6 /* Build configuration list for PBXNativeTarget "CodeColors" */ = {
			isa = XCConfigurationList;
			buildConfigurations = (
				34B4DB212CBCAD7F001F31C6 /* Debug */,
				34B4DB222CBCAD7F001F31C6 /* Release */,
			);
			defaultConfigurationIsVisible = 0;
			defaultConfigurationName = Release;
		};
		34B4DB382CBCADFD001F31C6 /* Build configuration list for PBXNativeTarget "QuickCodeColorLook" */ = {
			isa = XCConfigurationList;
			buildConfigurations = (
				34B4DB392CBCADFD001F31C6 /* Debug */,
				34B4DB3A2CBCADFD001F31C6 /* Release */,
			);
			defaultConfigurationIsVisible = 0;
			defaultConfigurationName = Release;
		};
/* End XCConfigurationList section */
	};
	rootObject = 34B4DB092CBCAD7E001F31C6 /* Project object */;
}
